
Microsoft Visual Studio Solution File, Format Version 12.00
# Visual Studio Version 17
VisualStudioVersion = 17.1.32414.318
MinimumVisualStudioVersion = 10.0.40219.1
Project("{FAE04EC0-301F-11D3-BF4B-00C04F79EFBC}") = "Nocturnal Plates ReWorker", "Nocturnal Plates ReWorker\Nocturnal Plates ReWorker.csproj", "{DA25C190-0798-445B-8114-C2D1A7A89B26}"
EndProject
Global
	GlobalSection(SolutionConfigurationPlatforms) = preSolution
		Debug|Any CPU = Debug|Any CPU
		Release|Any CPU = Release|Any CPU
	EndGlobalSection
	GlobalSection(ProjectConfigurationPlatforms) = postSolution
		{DA25C190-0798-445B-8114-C2D1A7A89B26}.Debug|Any CPU.ActiveCfg = Debug|Any CPU
		{DA25C190-0798-445B-8114-C2D1A7A89B26}.Debug|Any CPU.Build.0 = Debug|Any CPU
		{DA25C190-0798-445B-8114-C2D1A7A89B26}.Release|Any CPU.ActiveCfg = Release|Any CPU
		{DA25C190-0798-445B-8114-C2D1A7A89B26}.Release|Any CPU.Build.0 = Release|Any CPU
	EndGlobalSection
	GlobalSection(SolutionProperties) = preSolution
		HideSolutionNode = FALSE
	EndGlobalSection
	GlobalSection(ExtensibilityGlobals) = postSolution
		SolutionGuid = {EA1D45FF-1A7D-4387-B68B-536C769DF32B}
	EndGlobalSection
EndGlobal
